
Microsoft Visual Studio Solution File, Format Version 12.00
# Visual Studio Version 17
VisualStudioVersion = 17.4.33122.133
MinimumVisualStudioVersion = 10.0.40219.1
Project("{9A19103F-16F7-4668-BE54-9A1E7A4F7556}") = "CommonCompare", "CommonCompare\CommonCompare.csproj", "{B14D07DA-7B79-4B6F-A277-3E90D17E4F2C}"
EndProject
Project("{2150E333-8FDC-42A3-9474-1A3956D46DE8}") = "Common", "Common", "{57FF8150-A805-458C-A1F5-A52C09C0FE34}"
	ProjectSection(SolutionItems) = preProject
		readme.md = readme.md
	EndProjectSection
EndProject
Project("{9A19103F-16F7-4668-BE54-9A1E7A4F7556}") = "Base", "Base\Base.csproj", "{BA2C1214-C068-47C4-B42D-D7525F8DEE59}"
EndProject
Global
	GlobalSection(SolutionConfigurationPlatforms) = preSolution
		Debug|Any CPU = Debug|Any CPU
		Release|Any CPU = Release|Any CPU
	EndGlobalSection
	GlobalSection(ProjectConfigurationPlatforms) = postSolution
		{B14D07DA-7B79-4B6F-A277-3E90D17E4F2C}.Debug|Any CPU.ActiveCfg = Debug|Any CPU
		{B14D07DA-7B79-4B6F-A277-3E90D17E4F2C}.Debug|Any CPU.Build.0 = Debug|Any CPU
		{B14D07DA-7B79-4B6F-A277-3E90D17E4F2C}.Release|Any CPU.ActiveCfg = Release|Any CPU
		{B14D07DA-7B79-4B6F-A277-3E90D17E4F2C}.Release|Any CPU.Build.0 = Release|Any CPU
		{BA2C1214-C068-47C4-B42D-D7525F8DEE59}.Debug|Any CPU.ActiveCfg = Debug|Any CPU
		{BA2C1214-C068-47C4-B42D-D7525F8DEE59}.Debug|Any CPU.Build.0 = Debug|Any CPU
		{BA2C1214-C068-47C4-B42D-D7525F8DEE59}.Release|Any CPU.ActiveCfg = Release|Any CPU
		{BA2C1214-C068-47C4-B42D-D7525F8DEE59}.Release|Any CPU.Build.0 = Release|Any CPU
	EndGlobalSection
	GlobalSection(SolutionProperties) = preSolution
		HideSolutionNode = FALSE
	EndGlobalSection
	GlobalSection(NestedProjects) = preSolution
		{BA2C1214-C068-47C4-B42D-D7525F8DEE59} = {57FF8150-A805-458C-A1F5-A52C09C0FE34}
	EndGlobalSection
	GlobalSection(ExtensibilityGlobals) = postSolution
		SolutionGuid = {96B453FC-6FE4-4F53-88A4-885396F8685C}
	EndGlobalSection
EndGlobal
